// !$*UTF8*$!
{
	archiveVersion = 1;
	classes = {
	};
	objectVersion = 48;
	objects = {

/* Begin PBXBuildFile section */
		B13752B01FFE45E6007ADA6A /* AppDelegate.swift in Sources */ = {isa = PBXBuildFile; fileRef = B13752AF1FFE45E6007ADA6A /* AppDelegate.swift */; };
		B13752B71FFE45E6007ADA6A /* Assets.xcassets in Resources */ = {isa = PBXBuildFile; fileRef = B13752B61FFE45E6007ADA6A /* Assets.xcassets */; };
		B13752BA1FFE45E6007ADA6A /* LaunchScreen.storyboard in Resources */ = {isa = PBXBuildFile; fileRef = B13752B81FFE45E6007ADA6A /* LaunchScreen.storyboard */; };
		B13752C21FFE46EC007ADA6A /* ReadMe in Resources */ = {isa = PBXBuildFile; fileRef = B13752C11FFE46EC007ADA6A /* ReadMe */; };
		B1BA9A691FFE5C3C00D4E797 /* TwitterCore.framework in Frameworks */ = {isa = PBXBuildFile; fileRef = B1BA9A651FFE5C3B00D4E797 /* TwitterCore.framework */; };
		B1BA9A6A1FFE5C3C00D4E797 /* TwitterKitResources.bundle in Resources */ = {isa = PBXBuildFile; fileRef = B1BA9A661FFE5C3B00D4E797 /* TwitterKitResources.bundle */; };
		B1BA9A6B1FFE5C3C00D4E797 /* TwitterKit.framework in Frameworks */ = {isa = PBXBuildFile; fileRef = B1BA9A671FFE5C3C00D4E797 /* TwitterKit.framework */; };
		B1BA9A6C1FFE5C3C00D4E797 /* TwitterShareExtensionUIResources.bundle in Resources */ = {isa = PBXBuildFile; fileRef = B1BA9A681FFE5C3C00D4E797 /* TwitterShareExtensionUIResources.bundle */; };
		B1BA9A6D1FFE5C5300D4E797 /* TwitterKit.framework in Frameworks */ = {isa = PBXBuildFile; fileRef = B1BA9A671FFE5C3C00D4E797 /* TwitterKit.framework */; };
		B1BA9A6E1FFE5C5300D4E797 /* TwitterKit.framework in Embed Frameworks */ = {isa = PBXBuildFile; fileRef = B1BA9A671FFE5C3C00D4E797 /* TwitterKit.framework */; settings = {ATTRIBUTES = (CodeSignOnCopy, RemoveHeadersOnCopy, ); }; };
		CC4EAF213BEDCAFF1BB75CCA /* Pods_TwitterTestApp.framework in Frameworks */ = {isa = PBXBuildFile; fileRef = 658413C7E789891D768C81C5 /* Pods_TwitterTestApp.framework */; };
/* End PBXBuildFile section */

/* Begin PBXCopyFilesBuildPhase section */
		B1BA9A6F1FFE5C5300D4E797 /* Embed Frameworks */ = {
			isa = PBXCopyFilesBuildPhase;
			buildActionMask = 2147483647;
			dstPath = "";
			dstSubfolderSpec = 10;
			files = (
				B1BA9A6E1FFE5C5300D4E797 /* TwitterKit.framework in Embed Frameworks */,
			);
			name = "Embed Frameworks";
			runOnlyForDeploymentPostprocessing = 0;
		};
/* End PBXCopyFilesBuildPhase section */

/* Begin PBXFileReference section */
		658413C7E789891D768C81C5 /* Pods_TwitterTestApp.framework */ = {isa = PBXFileReference; explicitFileType = wrapper.framework; includeInIndex = 0; path = Pods_TwitterTestApp.framework; sourceTree = BUILT_PRODUCTS_DIR; };
		B13752AC1FFE45E6007ADA6A /* TwitterTestApp.app */ = {isa = PBXFileReference; explicitFileType = wrapper.application; includeInIndex = 0; path = TwitterTestApp.app; sourceTree = BUILT_PRODUCTS_DIR; };
		B13752AF1FFE45E6007ADA6A /* AppDelegate.swift */ = {isa = PBXFileReference; lastKnownFileType = sourcecode.swift; path = AppDelegate.swift; sourceTree = "<group>"; };
		B13752B61FFE45E6007ADA6A /* Assets.xcassets */ = {isa = PBXFileReference; lastKnownFileType = folder.assetcatalog; path = Assets.xcassets; sourceTree = "<group>"; };
		B13752B91FFE45E6007ADA6A /* Base */ = {isa = PBXFileReference; lastKnownFileType = file.storyboard; name = Base; path = Base.lproj/LaunchScreen.storyboard; sourceTree = "<group>"; };
		B13752BB1FFE45E6007ADA6A /* Info.plist */ = {isa = PBXFileReference; lastKnownFileType = text.plist.xml; path = Info.plist; sourceTree = "<group>"; };
		B13752C11FFE46EC007ADA6A /* ReadMe */ = {isa = PBXFileReference; lastKnownFileType = text; path = ReadMe; sourceTree = "<group>"; };
		B1BA9A651FFE5C3B00D4E797 /* TwitterCore.framework */ = {isa = PBXFileReference; lastKnownFileType = wrapper.framework; path = TwitterCore.framework; sourceTree = "<group>"; };
		B1BA9A661FFE5C3B00D4E797 /* TwitterKitResources.bundle */ = {isa = PBXFileReference; lastKnownFileType = "wrapper.plug-in"; path = TwitterKitResources.bundle; sourceTree = "<group>"; };
		B1BA9A671FFE5C3C00D4E797 /* TwitterKit.framework */ = {isa = PBXFileReference; lastKnownFileType = wrapper.framework; path = TwitterKit.framework; sourceTree = "<group>"; };
		B1BA9A681FFE5C3C00D4E797 /* TwitterShareExtensionUIResources.bundle */ = {isa = PBXFileReference; lastKnownFileType = "wrapper.plug-in"; path = TwitterShareExtensionUIResources.bundle; sourceTree = "<group>"; };
		B1BA9A701FFE5CAA00D4E797 /* TwitterTestApp-Bridging-Header.h */ = {isa = PBXFileReference; lastKnownFileType = sourcecode.c.h; path = "TwitterTestApp-Bridging-Header.h"; sourceTree = "<group>"; };
		B8237E31CB0DFE6714B963BA /* Pods-TwitterTestApp.release.xcconfig */ = {isa = PBXFileReference; includeInIndex = 1; lastKnownFileType = text.xcconfig; name = "Pods-TwitterTestApp.release.xcconfig"; path = "Pods/Target Support Files/Pods-TwitterTestApp/Pods-TwitterTestApp.release.xcconfig"; sourceTree = "<group>"; };
		C9CB8A457A20E937ED012996 /* Pods-TwitterTestApp.debug.xcconfig */ = {isa = PBXFileReference; includeInIndex = 1; lastKnownFileType = text.xcconfig; name = "Pods-TwitterTestApp.debug.xcconfig"; path = "Pods/Target Support Files/Pods-TwitterTestApp/Pods-TwitterTestApp.debug.xcconfig"; sourceTree = "<group>"; };
/* End PBXFileReference section */

/* Begin PBXFrameworksBuildPhase section */
		B13752A91FFE45E6007ADA6A /* Frameworks */ = {
			isa = PBXFrameworksBuildPhase;
			buildActionMask = 2147483647;
			files = (
				CC4EAF213BEDCAFF1BB75CCA /* Pods_TwitterTestApp.framework in Frameworks */,
				B1BA9A691FFE5C3C00D4E797 /* TwitterCore.framework in Frameworks */,
				B1BA9A6B1FFE5C3C00D4E797 /* TwitterKit.framework in Frameworks */,
				B1BA9A6D1FFE5C5300D4E797 /* TwitterKit.framework in Frameworks */,
			);
			runOnlyForDeploymentPostprocessing = 0;
		};
/* End PBXFrameworksBuildPhase section */

/* Begin PBXGroup section */
		7042F007D6357AB7CA80FFDA /* Frameworks */ = {
			isa = PBXGroup;
			children = (
				658413C7E789891D768C81C5 /* Pods_TwitterTestApp.framework */,
			);
			name = Frameworks;
			sourceTree = "<group>";
		};
		86423B5495FF8069853E8D03 /* Pods */ = {
			isa = PBXGroup;
			children = (
				C9CB8A457A20E937ED012996 /* Pods-TwitterTestApp.debug.xcconfig */,
				B8237E31CB0DFE6714B963BA /* Pods-TwitterTestApp.release.xcconfig */,
			);
			name = Pods;
			sourceTree = "<group>";
		};
		B13752A31FFE45E6007ADA6A = {
			isa = PBXGroup;
			children = (
				B13752C11FFE46EC007ADA6A /* ReadMe */,
				B13752AE1FFE45E6007ADA6A /* TwitterTestApp */,
				B13752AD1FFE45E6007ADA6A /* Products */,
				86423B5495FF8069853E8D03 /* Pods */,
				7042F007D6357AB7CA80FFDA /* Frameworks */,
			);
			sourceTree = "<group>";
		};
		B13752AD1FFE45E6007ADA6A /* Products */ = {
			isa = PBXGroup;
			children = (
				B13752AC1FFE45E6007ADA6A /* TwitterTestApp.app */,
			);
			name = Products;
			sourceTree = "<group>";
		};
		B13752AE1FFE45E6007ADA6A /* TwitterTestApp */ = {
			isa = PBXGroup;
			children = (
				B13752AF1FFE45E6007ADA6A /* AppDelegate.swift */,
				B13752C31FFE48BE007ADA6A /* Common */,
				B13752C41FFE48C4007ADA6A /* Scenes */,
				B13752C51FFE48CC007ADA6A /* Storyboards */,
				B13752C61FFE48DF007ADA6A /* Resources */,
			);
			path = TwitterTestApp;
			sourceTree = "<group>";
		};
		B13752C31FFE48BE007ADA6A /* Common */ = {
			isa = PBXGroup;
			children = (
			);
			path = Common;
			sourceTree = "<group>";
		};
		B13752C41FFE48C4007ADA6A /* Scenes */ = {
			isa = PBXGroup;
			children = (
			);
			path = Scenes;
			sourceTree = "<group>";
		};
		B13752C51FFE48CC007ADA6A /* Storyboards */ = {
			isa = PBXGroup;
			children = (
				B13752B81FFE45E6007ADA6A /* LaunchScreen.storyboard */,
			);
			path = Storyboards;
			sourceTree = "<group>";
		};
		B13752C61FFE48DF007ADA6A /* Resources */ = {
			isa = PBXGroup;
			children = (
				B1BA9A641FFE5BFE00D4E797 /* Pods */,
				B1BA9A701FFE5CAA00D4E797 /* TwitterTestApp-Bridging-Header.h */,
				B13752BB1FFE45E6007ADA6A /* Info.plist */,
				B13752B61FFE45E6007ADA6A /* Assets.xcassets */,
			);
			path = Resources;
			sourceTree = "<group>";
		};
		B1BA9A641FFE5BFE00D4E797 /* Pods */ = {
			isa = PBXGroup;
			children = (
				B1BA9A651FFE5C3B00D4E797 /* TwitterCore.framework */,
				B1BA9A671FFE5C3C00D4E797 /* TwitterKit.framework */,
				B1BA9A661FFE5C3B00D4E797 /* TwitterKitResources.bundle */,
				B1BA9A681FFE5C3C00D4E797 /* TwitterShareExtensionUIResources.bundle */,
			);
			path = Pods;
			sourceTree = "<group>";
		};
/* End PBXGroup section */

/* Begin PBXNativeTarget section */
		B13752AB1FFE45E6007ADA6A /* TwitterTestApp */ = {
			isa = PBXNativeTarget;
			buildConfigurationList = B13752BE1FFE45E6007ADA6A /* Build configuration list for PBXNativeTarget "TwitterTestApp" */;
			buildPhases = (
				7472433E85F1B68AA25546C0 /* [CP] Check Pods Manifest.lock */,
				B13752A81FFE45E6007ADA6A /* Sources */,
				B13752A91FFE45E6007ADA6A /* Frameworks */,
				B13752AA1FFE45E6007ADA6A /* Resources */,
				2D3C6E0428F5A14A5C9DE32A /* [CP] Embed Pods Frameworks */,
				A0FF2118D220F7D894F44285 /* [CP] Copy Pods Resources */,
				B1BA9A6F1FFE5C5300D4E797 /* Embed Frameworks */,
			);
			buildRules = (
			);
			dependencies = (
			);
			name = TwitterTestApp;
			productName = TwitterTestApp;
			productReference = B13752AC1FFE45E6007ADA6A /* TwitterTestApp.app */;
			productType = "com.apple.product-type.application";
		};
/* End PBXNativeTarget section */

/* Begin PBXProject section */
		B13752A41FFE45E6007ADA6A /* Project object */ = {
			isa = PBXProject;
			attributes = {
				LastSwiftUpdateCheck = 0920;
				LastUpgradeCheck = 0920;
				ORGANIZATIONNAME = msm72;
				TargetAttributes = {
					B13752AB1FFE45E6007ADA6A = {
						CreatedOnToolsVersion = 9.2;
						LastSwiftMigration = 0920;
						ProvisioningStyle = Automatic;
					};
				};
			};
			buildConfigurationList = B13752A71FFE45E6007ADA6A /* Build configuration list for PBXProject "TwitterTestApp" */;
			compatibilityVersion = "Xcode 8.0";
			developmentRegion = en;
			hasScannedForEncodings = 0;
			knownRegions = (
				en,
				Base,
			);
			mainGroup = B13752A31FFE45E6007ADA6A;
			productRefGroup = B13752AD1FFE45E6007ADA6A /* Products */;
			projectDirPath = "";
			projectRoot = "";
			targets = (
				B13752AB1FFE45E6007ADA6A /* TwitterTestApp */,
			);
		};
/* End PBXProject section */

/* Begin PBXResourcesBuildPhase section */
		B13752AA1FFE45E6007ADA6A /* Resources */ = {
			isa = PBXResourcesBuildPhase;
			buildActionMask = 2147483647;
			files = (
				B1BA9A6A1FFE5C3C00D4E797 /* TwitterKitResources.bundle in Resources */,
				B13752C21FFE46EC007ADA6A /* ReadMe in Resources */,
				B13752BA1FFE45E6007ADA6A /* LaunchScreen.storyboard in Resources */,
				B13752B71FFE45E6007ADA6A /* Assets.xcassets in Resources */,
				B1BA9A6C1FFE5C3C00D4E797 /* TwitterShareExtensionUIResources.bundle in Resources */,
			);
			runOnlyForDeploymentPostprocessing = 0;
		};
/* End PBXResourcesBuildPhase section */

/* Begin PBXShellScriptBuildPhase section */
		2D3C6E0428F5A14A5C9DE32A /* [CP] Embed Pods Frameworks */ = {
			isa = PBXShellScriptBuildPhase;
			buildActionMask = 2147483647;
			files = (
			);
			inputPaths = (
				"${SRCROOT}/Pods/Target Support Files/Pods-TwitterTestApp/Pods-TwitterTestApp-frameworks.sh",
				"${BUILT_PRODUCTS_DIR}/LayoutKit/LayoutKit.framework",
			);
			name = "[CP] Embed Pods Frameworks";
			outputPaths = (
				"${TARGET_BUILD_DIR}/${FRAMEWORKS_FOLDER_PATH}/LayoutKit.framework",
			);
			runOnlyForDeploymentPostprocessing = 0;
			shellPath = /bin/sh;
			shellScript = "\"${SRCROOT}/Pods/Target Support Files/Pods-TwitterTestApp/Pods-TwitterTestApp-frameworks.sh\"\n";
			showEnvVarsInLog = 0;
		};
		7472433E85F1B68AA25546C0 /* [CP] Check Pods Manifest.lock */ = {
			isa = PBXShellScriptBuildPhase;
			buildActionMask = 2147483647;
			files = (
			);
			inputPaths = (
				"${PODS_PODFILE_DIR_PATH}/Podfile.lock",
				"${PODS_ROOT}/Manifest.lock",
			);
			name = "[CP] Check Pods Manifest.lock";
			outputPaths = (
				"$(DERIVED_FILE_DIR)/Pods-TwitterTestApp-checkManifestLockResult.txt",
			);
			runOnlyForDeploymentPostprocessing = 0;
			shellPath = /bin/sh;
			shellScript = "diff \"${PODS_PODFILE_DIR_PATH}/Podfile.lock\" \"${PODS_ROOT}/Manifest.lock\" > /dev/null\nif [ $? != 0 ] ; then\n    # print error to STDERR\n    echo \"error: The sandbox is not in sync with the Podfile.lock. Run 'pod install' or update your CocoaPods installation.\" >&2\n    exit 1\nfi\n# This output is used by Xcode 'outputs' to avoid re-running this script phase.\necho \"SUCCESS\" > \"${SCRIPT_OUTPUT_FILE_0}\"\n";
			showEnvVarsInLog = 0;
		};
		A0FF2118D220F7D894F44285 /* [CP] Copy Pods Resources */ = {
			isa = PBXShellScriptBuildPhase;
			buildActionMask = 2147483647;
			files = (
			);
			inputPaths = (
			);
			name = "[CP] Copy Pods Resources";
			outputPaths = (
			);
			runOnlyForDeploymentPostprocessing = 0;
			shellPath = /bin/sh;
			shellScript = "\"${SRCROOT}/Pods/Target Support Files/Pods-TwitterTestApp/Pods-TwitterTestApp-resources.sh\"\n";
			showEnvVarsInLog = 0;
		};
/* End PBXShellScriptBuildPhase section */

/* Begin PBXSourcesBuildPhase section */
		B13752A81FFE45E6007ADA6A /* Sources */ = {
			isa = PBXSourcesBuildPhase;
			buildActionMask = 2147483647;
			files = (
				B13752B01FFE45E6007ADA6A /* AppDelegate.swift in Sources */,
			);
			runOnlyForDeploymentPostprocessing = 0;
		};
/* End PBXSourcesBuildPhase section */

/* Begin PBXVariantGroup section */
		B13752B81FFE45E6007ADA6A /* LaunchScreen.storyboard */ = {
			isa = PBXVariantGroup;
			children = (
				B13752B91FFE45E6007ADA6A /* Base */,
			);
			name = LaunchScreen.storyboard;
			sourceTree = "<group>";
		};
/* End PBXVariantGroup section */

/* Begin XCBuildConfiguration section */
		B13752BC1FFE45E6007ADA6A /* Debug */ = {
			isa = XCBuildConfiguration;
			buildSettings = {
				ALWAYS_SEARCH_USER_PATHS = NO;
				CLANG_ANALYZER_NONNULL = YES;
				CLANG_ANALYZER_NUMBER_OBJECT_CONVERSION = YES_AGGRESSIVE;
				CLANG_CXX_LANGUAGE_STANDARD = "gnu++14";
				CLANG_CXX_LIBRARY = "libc++";
				CLANG_ENABLE_MODULES = YES;
				CLANG_ENABLE_OBJC_ARC = YES;
				CLANG_WARN_BLOCK_CAPTURE_AUTORELEASING = YES;
				CLANG_WARN_BOOL_CONVERSION = YES;
				CLANG_WARN_COMMA = YES;
				CLANG_WARN_CONSTANT_CONVERSION = YES;
				CLANG_WARN_DIRECT_OBJC_ISA_USAGE = YES_ERROR;
				CLANG_WARN_DOCUMENTATION_COMMENTS = YES;
				CLANG_WARN_EMPTY_BODY = YES;
				CLANG_WARN_ENUM_CONVERSION = YES;
				CLANG_WARN_INFINITE_RECURSION = YES;
				CLANG_WARN_INT_CONVERSION = YES;
				CLANG_WARN_NON_LITERAL_NULL_CONVERSION = YES;
				CLANG_WARN_OBJC_LITERAL_CONVERSION = YES;
				CLANG_WARN_OBJC_ROOT_CLASS = YES_ERROR;
				CLANG_WARN_RANGE_LOOP_ANALYSIS = YES;
				CLANG_WARN_STRICT_PROTOTYPES = YES;
				CLANG_WARN_SUSPICIOUS_MOVE = YES;
				CLANG_WARN_UNGUARDED_AVAILABILITY = YES_AGGRESSIVE;
				CLANG_WARN_UNREACHABLE_CODE = YES;
				CLANG_WARN__DUPLICATE_METHOD_MATCH = YES;
				CODE_SIGN_IDENTITY = "iPhone Developer";
				COPY_PHASE_STRIP = NO;
				DEBUG_INFORMATION_FORMAT = dwarf;
				ENABLE_STRICT_OBJC_MSGSEND = YES;
				ENABLE_TESTABILITY = YES;
				GCC_C_LANGUAGE_STANDARD = gnu11;
				GCC_DYNAMIC_NO_PIC = NO;
				GCC_NO_COMMON_BLOCKS = YES;
				GCC_OPTIMIZATION_LEVEL = 0;
				GCC_PREPROCESSOR_DEFINITIONS = (
					"DEBUG=1",
					"$(inherited)",
				);
				GCC_WARN_64_TO_32_BIT_CONVERSION = YES;
				GCC_WARN_ABOUT_RETURN_TYPE = YES_ERROR;
				GCC_WARN_UNDECLARED_SELECTOR = YES;
				GCC_WARN_UNINITIALIZED_AUTOS = YES_AGGRESSIVE;
				GCC_WARN_UNUSED_FUNCTION = YES;
				GCC_WARN_UNUSED_VARIABLE = YES;
				IPHONEOS_DEPLOYMENT_TARGET = 11.2;
				MTL_ENABLE_DEBUG_INFO = YES;
				ONLY_ACTIVE_ARCH = YES;
				SDKROOT = iphoneos;
				SWIFT_ACTIVE_COMPILATION_CONDITIONS = DEBUG;
				SWIFT_OPTIMIZATION_LEVEL = "-Onone";
			};
			name = Debug;
		};
		B13752BD1FFE45E6007ADA6A /* Release */ = {
			isa = XCBuildConfiguration;
			buildSettings = {
				ALWAYS_SEARCH_USER_PATHS = NO;
				CLANG_ANALYZER_NONNULL = YES;
				CLANG_ANALYZER_NUMBER_OBJECT_CONVERSION = YES_AGGRESSIVE;
				CLANG_CXX_LANGUAGE_STANDARD = "gnu++14";
				CLANG_CXX_LIBRARY = "libc++";
				CLANG_ENABLE_MODULES = YES;
				CLANG_ENABLE_OBJC_ARC = YES;
				CLANG_WARN_BLOCK_CAPTURE_AUTORELEASING = YES;
				CLANG_WARN_BOOL_CONVERSION = YES;
				CLANG_WARN_COMMA = YES;
				CLANG_WARN_CONSTANT_CONVERSION = YES;
				CLANG_WARN_DIRECT_OBJC_ISA_USAGE = YES_ERROR;
				CLANG_WARN_DOCUMENTATION_COMMENTS = YES;
				CLANG_WARN_EMPTY_BODY = YES;
				CLANG_WARN_ENUM_CONVERSION = YES;
				CLANG_WARN_INFINITE_RECURSION = YES;
				CLANG_WARN_INT_CONVERSION = YES;
				CLANG_WARN_NON_LITERAL_NULL_CONVERSION = YES;
				CLANG_WARN_OBJC_LITERAL_CONVERSION = YES;
				CLANG_WARN_OBJC_ROOT_CLASS = YES_ERROR;
				CLANG_WARN_RANGE_LOOP_ANALYSIS = YES;
				CLANG_WARN_STRICT_PROTOTYPES = YES;
				CLANG_WARN_SUSPICIOUS_MOVE = YES;
				CLANG_WARN_UNGUARDED_AVAILABILITY = YES_AGGRESSIVE;
				CLANG_WARN_UNREACHABLE_CODE = YES;
				CLANG_WARN__DUPLICATE_METHOD_MATCH = YES;
				CODE_SIGN_IDENTITY = "iPhone Developer";
				COPY_PHASE_STRIP = NO;
				DEBUG_INFORMATION_FORMAT = "dwarf-with-dsym";
				ENABLE_NS_ASSERTIONS = NO;
				ENABLE_STRICT_OBJC_MSGSEND = YES;
				GCC_C_LANGUAGE_STANDARD = gnu11;
				GCC_NO_COMMON_BLOCKS = YES;
				GCC_WARN_64_TO_32_BIT_CONVERSION = YES;
				GCC_WARN_ABOUT_RETURN_TYPE = YES_ERROR;
				GCC_WARN_UNDECLARED_SELECTOR = YES;
				GCC_WARN_UNINITIALIZED_AUTOS = YES_AGGRESSIVE;
				GCC_WARN_UNUSED_FUNCTION = YES;
				GCC_WARN_UNUSED_VARIABLE = YES;
				IPHONEOS_DEPLOYMENT_TARGET = 11.2;
				MTL_ENABLE_DEBUG_INFO = NO;
				SDKROOT = iphoneos;
				SWIFT_OPTIMIZATION_LEVEL = "-Owholemodule";
				VALIDATE_PRODUCT = YES;
			};
			name = Release;
		};
		B13752BF1FFE45E6007ADA6A /* Debug */ = {
			isa = XCBuildConfiguration;
			baseConfigurationReference = C9CB8A457A20E937ED012996 /* Pods-TwitterTestApp.debug.xcconfig */;
			buildSettings = {
				ASSETCATALOG_COMPILER_APPICON_NAME = AppIcon;
				CLANG_ENABLE_MODULES = YES;
				CODE_SIGN_STYLE = Automatic;
				FRAMEWORK_SEARCH_PATHS = (
					"$(inherited)",
					"$(PROJECT_DIR)/TwitterTestApp/Resources/Pods",
				);
				INFOPLIST_FILE = "TwitterTestApp/Resources//Info.plist";
				LD_RUNPATH_SEARCH_PATHS = "$(inherited) @executable_path/Frameworks";
				PRODUCT_BUNDLE_IDENTIFIER = msm72.TwitterTestApp;
				PRODUCT_NAME = "$(TARGET_NAME)";
				SWIFT_INSTALL_OBJC_HEADER = YES;
				SWIFT_OBJC_BRIDGING_HEADER = "TwitterTestApp/Resources/TwitterTestApp-Bridging-Header.h";
				SWIFT_OPTIMIZATION_LEVEL = "-Onone";
				SWIFT_VERSION = 4.0;
				TARGETED_DEVICE_FAMILY = "1,2";
			};
			name = Debug;
		};
		B13752C01FFE45E6007ADA6A /* Release */ = {
			isa = XCBuildConfiguration;
			baseConfigurationReference = B8237E31CB0DFE6714B963BA /* Pods-TwitterTestApp.release.xcconfig */;
			buildSettings = {
				ASSETCATALOG_COMPILER_APPICON_NAME = AppIcon;
				CLANG_ENABLE_MODULES = YES;
				CODE_SIGN_STYLE = Automatic;
				FRAMEWORK_SEARCH_PATHS = (
					"$(inherited)",
					"$(PROJECT_DIR)/TwitterTestApp/Resources/Pods",
				);
				INFOPLIST_FILE = "TwitterTestApp/Resources//Info.plist";
				LD_RUNPATH_SEARCH_PATHS = "$(inherited) @executable_path/Frameworks";
				PRODUCT_BUNDLE_IDENTIFIER = msm72.TwitterTestApp;
				PRODUCT_NAME = "$(TARGET_NAME)";
				SWIFT_INSTALL_OBJC_HEADER = YES;
				SWIFT_OBJC_BRIDGING_HEADER = "TwitterTestApp/Resources/TwitterTestApp-Bridging-Header.h";
				SWIFT_VERSION = 4.0;
				TARGETED_DEVICE_FAMILY = "1,2";
			};
			name = Release;
		};
/* End XCBuildConfiguration section */

/* Begin XCConfigurationList section */
		B13752A71FFE45E6007ADA6A /* Build configuration list for PBXProject "TwitterTestApp" */ = {
			isa = XCConfigurationList;
			buildConfigurations = (
				B13752BC1FFE45E6007ADA6A /* Debug */,
				B13752BD1FFE45E6007ADA6A /* Release */,
			);
			defaultConfigurationIsVisible = 0;
			defaultConfigurationName = Release;
		};
		B13752BE1FFE45E6007ADA6A /* Build configuration list for PBXNativeTarget "TwitterTestApp" */ = {
			isa = XCConfigurationList;
			buildConfigurations = (
				B13752BF1FFE45E6007ADA6A /* Debug */,
				B13752C01FFE45E6007ADA6A /* Release */,
			);
			defaultConfigurationIsVisible = 0;
			defaultConfigurationName = Release;
		};
/* End XCConfigurationList section */
	};
	rootObject = B13752A41FFE45E6007ADA6A /* Project object */;
}
